
Microsoft Visual Studio Solution File, Format Version 12.00
# Visual Studio Version 16
VisualStudioVersion = 16.0.30011.22
MinimumVisualStudioVersion = 10.0.40219.1
Project("{8BC9CEB8-8B4A-11D0-8D11-00A0C91BC942}") = "SDP-192", "SDP-192.vcxproj", "{9B3F759E-8D79-4160-83E2-652E2A252790}"
EndProject
Global
	GlobalSection(SolutionConfigurationPlatforms) = preSolution
		Debug|x64 = Debug|x64
		Debug|x86 = Debug|x86
		Release|x64 = Release|x64
		Release|x86 = Release|x86
	EndGlobalSection
	GlobalSection(ProjectConfigurationPlatforms) = postSolution
		{9B3F759E-8D79-4160-83E2-652E2A252790}.Debug|x64.ActiveCfg = Debug|x64
		{9B3F759E-8D79-4160-83E2-652E2A252790}.Debug|x64.Build.0 = Debug|x64
		{9B3F759E-8D79-4160-83E2-652E2A252790}.Debug|x86.ActiveCfg = Debug|Win32
		{9B3F759E-8D79-4160-83E2-652E2A252790}.Debug|x86.Build.0 = Debug|Win32
		{9B3F759E-8D79-4160-83E2-652E2A252790}.Release|x64.ActiveCfg = Release|x64
		{9B3F759E-8D79-4160-83E2-652E2A252790}.Release|x64.Build.0 = Release|x64
		{9B3F759E-8D79-4160-83E2-652E2A252790}.Release|x86.ActiveCfg = Release|Win32
		{9B3F759E-8D79-4160-83E2-652E2A252790}.Release|x86.Build.0 = Release|Win32
	EndGlobalSection
	GlobalSection(SolutionProperties) = preSolution
		HideSolutionNode = FALSE
	EndGlobalSection
	GlobalSection(ExtensibilityGlobals) = postSolution
		SolutionGuid = {E6E93DDA-E00A-47FC-8535-1B6C7D862ADC}
	EndGlobalSection
EndGlobal
